
Microsoft Visual Studio Solution File, Format Version 12.00
# Visual Studio Version 17
VisualStudioVersion = 17.6.33723.286
MinimumVisualStudioVersion = 10.0.40219.1
Project("{FAE04EC0-301F-11D3-BF4B-00C04F79EFBC}") = "sortearFrutas", "sortearFrutas\sortearFrutas.csproj", "{2A299B41-9711-4DF2-A2C7-E0ACCA44904E}"
EndProject
Global
	GlobalSection(SolutionConfigurationPlatforms) = preSolution
		Debug|Any CPU = Debug|Any CPU
		Release|Any CPU = Release|Any CPU
	EndGlobalSection
	GlobalSection(ProjectConfigurationPlatforms) = postSolution
		{2A299B41-9711-4DF2-A2C7-E0ACCA44904E}.Debug|Any CPU.ActiveCfg = Debug|Any CPU
		{2A299B41-9711-4DF2-A2C7-E0ACCA44904E}.Debug|Any CPU.Build.0 = Debug|Any CPU
		{2A299B41-9711-4DF2-A2C7-E0ACCA44904E}.Release|Any CPU.ActiveCfg = Release|Any CPU
		{2A299B41-9711-4DF2-A2C7-E0ACCA44904E}.Release|Any CPU.Build.0 = Release|Any CPU
	EndGlobalSection
	GlobalSection(SolutionProperties) = preSolution
		HideSolutionNode = FALSE
	EndGlobalSection
	GlobalSection(ExtensibilityGlobals) = postSolution
		SolutionGuid = {5684DF74-C1FF-4A71-810E-944FB4BC7BED}
	EndGlobalSection
EndGlobal
